
Microsoft Visual Studio Solution File, Format Version 12.00
# Visual Studio Version 16
VisualStudioVersion = 16.0.30611.23
MinimumVisualStudioVersion = 10.0.40219.1
Project("{FAE04EC0-301F-11D3-BF4B-00C04F79EFBC}") = "skyhoshi.github.io - portfolio", "skyhoshi.github.io\skyhoshi.github.io - portfolio.csproj", "{CD32B214-B34A-402B-A047-59D641C0ECD0}"
EndProject
Project("{E24C65DC-7377-472B-9ABA-BC803B73C61A}") = "backup", "..\backup\", "{30FF5598-54C7-471F-8ABA-15FAB3498451}"
	ProjectSection(WebsiteProperties) = preProject
		TargetFrameworkMoniker = ".NETFramework,Version%3Dv4.0"
		Debug.AspNetCompiler.VirtualPath = "/localhost_6196"
		Debug.AspNetCompiler.PhysicalPath = "..\backup\"
		Debug.AspNetCompiler.TargetPath = "PrecompiledWeb\localhost_6196\"
		Debug.AspNetCompiler.Updateable = "true"
		Debug.AspNetCompiler.ForceOverwrite = "true"
		Debug.AspNetCompiler.FixedNames = "false"
		Debug.AspNetCompiler.Debug = "True"
		Release.AspNetCompiler.VirtualPath = "/localhost_6196"
		Release.AspNetCompiler.PhysicalPath = "..\backup\"
		Release.AspNetCompiler.TargetPath = "PrecompiledWeb\localhost_6196\"
		Release.AspNetCompiler.Updateable = "true"
		Release.AspNetCompiler.ForceOverwrite = "true"
		Release.AspNetCompiler.FixedNames = "false"
		Release.AspNetCompiler.Debug = "False"
		VWDPort = "6196"
		SlnRelativePath = "..\backup\"
	EndProjectSection
EndProject
Global
	GlobalSection(SolutionConfigurationPlatforms) = preSolution
		Debug|Any CPU = Debug|Any CPU
		Release|Any CPU = Release|Any CPU
	EndGlobalSection
	GlobalSection(ProjectConfigurationPlatforms) = postSolution
		{CD32B214-B34A-402B-A047-59D641C0ECD0}.Debug|Any CPU.ActiveCfg = Debug|Any CPU
		{CD32B214-B34A-402B-A047-59D641C0ECD0}.Debug|Any CPU.Build.0 = Debug|Any CPU
		{CD32B214-B34A-402B-A047-59D641C0ECD0}.Release|Any CPU.ActiveCfg = Release|Any CPU
		{CD32B214-B34A-402B-A047-59D641C0ECD0}.Release|Any CPU.Build.0 = Release|Any CPU
		{30FF5598-54C7-471F-8ABA-15FAB3498451}.Debug|Any CPU.ActiveCfg = Debug|Any CPU
		{30FF5598-54C7-471F-8ABA-15FAB3498451}.Debug|Any CPU.Build.0 = Debug|Any CPU
		{30FF5598-54C7-471F-8ABA-15FAB3498451}.Release|Any CPU.ActiveCfg = Debug|Any CPU
		{30FF5598-54C7-471F-8ABA-15FAB3498451}.Release|Any CPU.Build.0 = Debug|Any CPU
	EndGlobalSection
	GlobalSection(SolutionProperties) = preSolution
		HideSolutionNode = FALSE
	EndGlobalSection
	GlobalSection(ExtensibilityGlobals) = postSolution
		SolutionGuid = {7B94100F-D33F-4929-8905-7C32CFA07112}
	EndGlobalSection
EndGlobal
